<?xml version="1.0" encoding="utf-8"?>
<Project ToolsVersion="4.0" xmlns="http://schemas.microsoft.com/developer/msbuild/2003">
  <ItemGroup>
    <Filter Include="Исходные файлы">
      <UniqueIdentifier>{4FC737F1-C7A5-4376-A066-2A32D752A2FF}</UniqueIdentifier>
      <Extensions>cpp;c;cc;cxx;def;odl;idl;hpj;bat;asm;asmx</Extensions>
    </Filter>
    <Filter Include="Файлы заголовков">
      <UniqueIdentifier>{93995380-89BD-4b04-88EB-625FBE52EBFB}</UniqueIdentifier>
      <Extensions>h;hh;hpp;hxx;hm;inl;inc;ipp;xsd</Extensions>
    </Filter>
    <Filter Include="Файлы ресурсов">
      <UniqueIdentifier>{67DA6AB6-F800-4c08-8B7A-83BB121AAD01}</UniqueIdentifier>
      <Extensions>rc;ico;cur;bmp;dlg;rc2;rct;bin;rgs;gif;jpg;jpeg;jpe;resx;tiff;tif;png;wav;mfcribbon-ms</Extensions>
    </Filter>
    <Filter Include="Исходные файлы\Smash_It">
      <UniqueIdentifier>{383b30bd-1e63-4cde-81d4-c231887ce123}</UniqueIdentifier>
    </Filter>
    <Filter Include="Файлы заголовков\Smash_It">
      <UniqueIdentifier>{c7e87eb6-96e7-4b0e-abe6-83aa2be2a20d}</UniqueIdentifier>
    </Filter>
    <Filter Include="Исходные файлы\Time_Climb">
      <UniqueIdentifier>{f5e9afb0-4ad5-4fa1-a3c5-1b6aeea491c8}</UniqueIdentifier>
    </Filter>
    <Filter Include="Файлы заголовков\Time_Climb">
      <UniqueIdentifier>{fe94e244-70a0-4f0b-9650-e7b5bffb4196}</UniqueIdentifier>
    </Filter>
    <Filter Include="Исходные файлы\Labyrinth">
      <UniqueIdentifier>{40a731e2-2944-4da3-a1ef-cd52ae1b4368}</UniqueIdentifier>
    </Filter>
    <Filter Include="Файлы заголовков\Labyrinth">
      <UniqueIdentifier>{d015fc55-f52d-4676-884b-31c206ad9fc6}</UniqueIdentifier>
    </Filter>
    <Filter Include="Исходные файлы\Aerohockey">
      <UniqueIdentifier>{2caf34be-24b6-4253-9b15-e20c0256e410}</UniqueIdentifier>
    </Filter>
    <Filter Include="Исходные файлы\Aerohockey\config">
      <UniqueIdentifier>{41d6cd10-d5df-4cd5-bb4f-4e2cc6c97d68}</UniqueIdentifier>
    </Filter>
    <Filter Include="Исходные файлы\Aerohockey\objects">
      <UniqueIdentifier>{ebc64662-e97c-4a17-9235-0c0f38cceabf}</UniqueIdentifier>
    </Filter>
    <Filter Include="Исходные файлы\Aerohockey\states">
      <UniqueIdentifier>{e24bb158-42a3-466b-b7c3-fdf3cf93e76f}</UniqueIdentifier>
    </Filter>
    <Filter Include="Файлы заголовков\Aerohockey">
      <UniqueIdentifier>{271ddc87-8094-4610-ad3d-53fa8b438ad7}</UniqueIdentifier>
    </Filter>
    <Filter Include="Файлы заголовков\Aerohockey\config">
      <UniqueIdentifier>{d951414e-1561-4d1d-896c-72e549c47dca}</UniqueIdentifier>
    </Filter>
    <Filter Include="Файлы заголовков\Aerohockey\objects">
      <UniqueIdentifier>{b204b487-b5f0-4444-9243-bd6dd14403ef}</UniqueIdentifier>
    </Filter>
    <Filter Include="Файлы заголовков\Aerohockey\states">
      <UniqueIdentifier>{c74eea7e-ef15-4eea-94e7-a34984850f02}</UniqueIdentifier>
    </Filter>
    <Filter Include="Исходные файлы\Territory">
      <UniqueIdentifier>{0a8cedeb-4268-4932-ad40-b938df7718bb}</UniqueIdentifier>
    </Filter>
    <Filter Include="Исходные файлы\Territory\config">
      <UniqueIdentifier>{991ceb8b-410c-4be3-8311-1890b5d15937}</UniqueIdentifier>
    </Filter>
    <Filter Include="Исходные файлы\Territory\states">
      <UniqueIdentifier>{97734949-d43a-4f26-9558-331fd7e9df64}</UniqueIdentifier>
    </Filter>
    <Filter Include="Файлы заголовков\Territory">
      <UniqueIdentifier>{51e44127-9aa7-49b5-a4d2-1bd76cd8abd6}</UniqueIdentifier>
    </Filter>
    <Filter Include="Файлы заголовков\Territory\config">
      <UniqueIdentifier>{5889c106-3e49-45cd-a7a1-f1f2ac28e8ae}</UniqueIdentifier>
    </Filter>
    <Filter Include="Файлы заголовков\Territory\objects">
      <UniqueIdentifier>{0a354f85-35fd-47f3-8951-ded2c924607b}</UniqueIdentifier>
    </Filter>
    <Filter Include="Файлы заголовков\Territory\states">
      <UniqueIdentifier>{89113d36-072a-43bb-9377-ebdea7250c20}</UniqueIdentifier>
    </Filter>
    <Filter Include="Исходные файлы\Territory\objects">
      <UniqueIdentifier>{d1630612-b4da-4f8f-971e-7c448b1e6702}</UniqueIdentifier>
    </Filter>
  </ItemGroup>
  <ItemGroup>
    <ClCompile Include="main.cpp">
      <Filter>Исходные файлы</Filter>
    </ClCompile>
    <ClCompile Include="myKeyboard.cpp">
      <Filter>Исходные файлы</Filter>
    </ClCompile>
    <ClCompile Include="server.cpp">
      <Filter>Исходные файлы</Filter>
    </ClCompile>
    <ClCompile Include="Smash_It\Smash_It_Game.cpp">
      <Filter>Исходные файлы\Smash_It</Filter>
    </ClCompile>
    <ClCompile Include="Smash_It\Smash_It_GameObjectManager.cpp">
      <Filter>Исходные файлы\Smash_It</Filter>
    </ClCompile>
    <ClCompile Include="Smash_It\Smash_It_MainMenu.cpp">
      <Filter>Исходные файлы\Smash_It</Filter>
    </ClCompile>
    <ClCompile Include="Smash_It\Smash_It_SmashCounter.cpp">
      <Filter>Исходные файлы\Smash_It</Filter>
    </ClCompile>
    <ClCompile Include="Smash_It\Smash_It_Target.cpp">
      <Filter>Исходные файлы\Smash_It</Filter>
    </ClCompile>
    <ClCompile Include="Smash_It\Smash_It_Timer.cpp">
      <Filter>Исходные файлы\Smash_It</Filter>
    </ClCompile>
    <ClCompile Include="Smash_It\Smash_It_VisibleGameObject.cpp">
      <Filter>Исходные файлы\Smash_It</Filter>
    </ClCompile>
    <ClCompile Include="TimeClimb\TimeClimb_CustomScreen.cpp">
      <Filter>Исходные файлы\Time_Climb</Filter>
    </ClCompile>
    <ClCompile Include="TimeClimb\TimeClimb_Game.cpp">
      <Filter>Исходные файлы\Time_Climb</Filter>
    </ClCompile>
    <ClCompile Include="TimeClimb\TimeClimb_GameObjectManager.cpp">
      <Filter>Исходные файлы\Time_Climb</Filter>
    </ClCompile>
    <ClCompile Include="TimeClimb\TimeClimb_MainMenu.cpp">
      <Filter>Исходные файлы\Time_Climb</Filter>
    </ClCompile>
    <ClCompile Include="TimeClimb\TimeClimb_Target.cpp">
      <Filter>Исходные файлы\Time_Climb</Filter>
    </ClCompile>
    <ClCompile Include="TimeClimb\TimeClimb_Timer.cpp">
      <Filter>Исходные файлы\Time_Climb</Filter>
    </ClCompile>
    <ClCompile Include="TimeClimb\TimeClimb_VisibleGameObject.cpp">
      <Filter>Исходные файлы\Time_Climb</Filter>
    </ClCompile>
    <ClCompile Include="Labyrinth\CircleLvL.cpp">
      <Filter>Исходные файлы\Labyrinth</Filter>
    </ClCompile>
    <ClCompile Include="Labyrinth\level.cpp">
      <Filter>Исходные файлы\Labyrinth</Filter>
    </ClCompile>
    <ClCompile Include="Labyrinth\level_1.cpp">
      <Filter>Исходные файлы\Labyrinth</Filter>
    </ClCompile>
    <ClCompile Include="Labyrinth\level_2.cpp">
      <Filter>Исходные файлы\Labyrinth</Filter>
    </ClCompile>
    <ClCompile Include="Labyrinth\level_3.cpp">
      <Filter>Исходные файлы\Labyrinth</Filter>
    </ClCompile>
    <ClCompile Include="Labyrinth\level_4.cpp">
      <Filter>Исходные файлы\Labyrinth</Filter>
    </ClCompile>
    <ClCompile Include="Labyrinth\Labyrinth_Game.cpp">
      <Filter>Исходные файлы\Labyrinth</Filter>
    </ClCompile>
    <ClCompile Include="Labyrinth\Labyrinth_GameObjectManager.cpp">
      <Filter>Исходные файлы\Labyrinth</Filter>
    </ClCompile>
    <ClCompile Include="Labyrinth\Labyrinth_MainMenu.cpp">
      <Filter>Исходные файлы\Labyrinth</Filter>
    </ClCompile>
    <ClCompile Include="Labyrinth\Labyrinth_Timer.cpp">
      <Filter>Исходные файлы\Labyrinth</Filter>
    </ClCompile>
    <ClCompile Include="Labyrinth\Labyrinth_VisibleGameObject.cpp">
      <Filter>Исходные файлы\Labyrinth</Filter>
    </ClCompile>
    <ClCompile Include="mainWindow.cpp">
      <Filter>Исходные файлы</Filter>
    </ClCompile>
    <ClCompile Include="Cliker.cpp">
      <Filter>Исходные файлы</Filter>
    </ClCompile>
    <ClCompile Include="body_tracker.cpp">
      <Filter>Исходные файлы</Filter>
    </ClCompile>
    <ClCompile Include="Smash_It\testConfig.cpp">
      <Filter>Исходные файлы\Smash_It</Filter>
    </ClCompile>
    <ClCompile Include="Labyrinth\Labyrinth_config.cpp">
      <Filter>Исходные файлы\Labyrinth</Filter>
    </ClCompile>
    <ClCompile Include="aerohockey\config\Aerohockey_config.cpp">
      <Filter>Исходные файлы\Aerohockey\config</Filter>
    </ClCompile>
    <ClCompile Include="aerohockey\objects\Aerohockey_board.cpp">
      <Filter>Исходные файлы\Aerohockey\objects</Filter>
    </ClCompile>
    <ClCompile Include="aerohockey\objects\Aerohockey_paddle.cpp">
      <Filter>Исходные файлы\Aerohockey\objects</Filter>
    </ClCompile>
    <ClCompile Include="aerohockey\objects\Aerohockey_player.cpp">
      <Filter>Исходные файлы\Aerohockey\objects</Filter>
    </ClCompile>
    <ClCompile Include="aerohockey\objects\Aerohockey_puck.cpp">
      <Filter>Исходные файлы\Aerohockey\objects</Filter>
    </ClCompile>
    <ClCompile Include="aerohockey\objects\Aerohockey_ready_button.cpp">
      <Filter>Исходные файлы\Aerohockey\objects</Filter>
    </ClCompile>
    <ClCompile Include="aerohockey\objects\Aerohockey_world.cpp">
      <Filter>Исходные файлы\Aerohockey\objects</Filter>
    </ClCompile>
    <ClCompile Include="aerohockey\states\Aerohockey_game.cpp">
      <Filter>Исходные файлы\Aerohockey\states</Filter>
    </ClCompile>
    <ClCompile Include="aerohockey\states\Aerohockey_manager.cpp">
      <Filter>Исходные файлы\Aerohockey\states</Filter>
    </ClCompile>
    <ClCompile Include="aerohockey\states\Aerohockey_preparation.cpp">
      <Filter>Исходные файлы\Aerohockey\states</Filter>
    </ClCompile>
    <ClCompile Include="aerohockey\states\Aerohockey_result.cpp">
      <Filter>Исходные файлы\Aerohockey\states</Filter>
    </ClCompile>
    <ClCompile Include="aerohockey\Aerohockey_starter.cpp">
      <Filter>Исходные файлы\Aerohockey</Filter>
    </ClCompile>
    <ClCompile Include="territory\config\Territory_config.cpp">
      <Filter>Исходные файлы\Territory\config</Filter>
    </ClCompile>
    <ClCompile Include="territory\objects\Territory_board.cpp">
      <Filter>Исходные файлы\Territory\objects</Filter>
    </ClCompile>
    <ClCompile Include="territory\objects\Territory_map.cpp">
      <Filter>Исходные файлы\Territory\objects</Filter>
    </ClCompile>
    <ClCompile Include="territory\objects\Territory_paddle.cpp">
      <Filter>Исходные файлы\Territory\objects</Filter>
    </ClCompile>
    <ClCompile Include="territory\objects\Territory_player.cpp">
      <Filter>Исходные файлы\Territory\objects</Filter>
    </ClCompile>
    <ClCompile Include="territory\objects\Territory_ready_button.cpp">
      <Filter>Исходные файлы\Territory\objects</Filter>
    </ClCompile>
    <ClCompile Include="territory\objects\Territory_world.cpp">
      <Filter>Исходные файлы\Territory\objects</Filter>
    </ClCompile>
    <ClCompile Include="territory\states\Territory_game.cpp">
      <Filter>Исходные файлы\Territory\states</Filter>
    </ClCompile>
    <ClCompile Include="territory\states\Territory_manager.cpp">
      <Filter>Исходные файлы\Territory\states</Filter>
    </ClCompile>
    <ClCompile Include="territory\states\Territory_preparation.cpp">
      <Filter>Исходные файлы\Territory\states</Filter>
    </ClCompile>
    <ClCompile Include="territory\states\Territory_result.cpp">
      <Filter>Исходные файлы\Territory\states</Filter>
    </ClCompile>
    <ClCompile Include="territory\Territory_starter.cpp">
      <Filter>Исходные файлы\Territory</Filter>
    </ClCompile>
    <ClCompile Include="util.cpp">
      <Filter>Исходные файлы</Filter>
    </ClCompile>
  </ItemGroup>
  <ItemGroup>
    <ClInclude Include="myKeyboard.h">
      <Filter>Файлы заголовков</Filter>
    </ClInclude>
    <ClInclude Include="resource.h">
      <Filter>Файлы заголовков</Filter>
    </ClInclude>
    <ClInclude Include="server.h">
      <Filter>Файлы заголовков</Filter>
    </ClInclude>
    <ClInclude Include="stdafx.h">
      <Filter>Файлы заголовков</Filter>
    </ClInclude>
    <ClInclude Include="Smash_It\Smash_It_Game.h">
      <Filter>Файлы заголовков\Smash_It</Filter>
    </ClInclude>
    <ClInclude Include="Smash_It\Smash_It_GameObjectManager.h">
      <Filter>Файлы заголовков\Smash_It</Filter>
    </ClInclude>
    <ClInclude Include="Smash_It\Smash_It_MainMenu.h">
      <Filter>Файлы заголовков\Smash_It</Filter>
    </ClInclude>
    <ClInclude Include="Smash_It\Smash_It_SmashCounter.h">
      <Filter>Файлы заголовков\Smash_It</Filter>
    </ClInclude>
    <ClInclude Include="Smash_It\Smash_It_Target.h">
      <Filter>Файлы заголовков\Smash_It</Filter>
    </ClInclude>
    <ClInclude Include="Smash_It\Smash_It_Timer.h">
      <Filter>Файлы заголовков\Smash_It</Filter>
    </ClInclude>
    <ClInclude Include="Smash_It\Smash_It_VisibleGameObject.h">
      <Filter>Файлы заголовков\Smash_It</Filter>
    </ClInclude>
    <ClInclude Include="TimeClimb\TimeClimb_CustomScreen.h">
      <Filter>Файлы заголовков\Time_Climb</Filter>
    </ClInclude>
    <ClInclude Include="TimeClimb\TimeClimb_Game.h">
      <Filter>Файлы заголовков\Time_Climb</Filter>
    </ClInclude>
    <ClInclude Include="TimeClimb\TimeClimb_GameObjectManager.h">
      <Filter>Файлы заголовков\Time_Climb</Filter>
    </ClInclude>
    <ClInclude Include="TimeClimb\TimeClimb_MainMenu.h">
      <Filter>Файлы заголовков\Time_Climb</Filter>
    </ClInclude>
    <ClInclude Include="TimeClimb\TimeClimb_Target.h">
      <Filter>Файлы заголовков\Time_Climb</Filter>
    </ClInclude>
    <ClInclude Include="TimeClimb\TimeClimb_Timer.h">
      <Filter>Файлы заголовков\Time_Climb</Filter>
    </ClInclude>
    <ClInclude Include="TimeClimb\TimeClimb_VisibleGameObject.h">
      <Filter>Файлы заголовков\Time_Climb</Filter>
    </ClInclude>
    <ClInclude Include="Labyrinth\circleLvL.h">
      <Filter>Файлы заголовков\Labyrinth</Filter>
    </ClInclude>
    <ClInclude Include="Labyrinth\level.h">
      <Filter>Файлы заголовков\Labyrinth</Filter>
    </ClInclude>
    <ClInclude Include="Labyrinth\level_1.h">
      <Filter>Файлы заголовков\Labyrinth</Filter>
    </ClInclude>
    <ClInclude Include="Labyrinth\level_2.h">
      <Filter>Файлы заголовков\Labyrinth</Filter>
    </ClInclude>
    <ClInclude Include="Labyrinth\level_3.h">
      <Filter>Файлы заголовков\Labyrinth</Filter>
    </ClInclude>
    <ClInclude Include="Labyrinth\level_4.h">
      <Filter>Файлы заголовков\Labyrinth</Filter>
    </ClInclude>
    <ClInclude Include="Labyrinth\Labyrinth_Game.h">
      <Filter>Файлы заголовков\Labyrinth</Filter>
    </ClInclude>
    <ClInclude Include="Labyrinth\Labyrinth_GameObjectManager.h">
      <Filter>Файлы заголовков\Labyrinth</Filter>
    </ClInclude>
    <ClInclude Include="Labyrinth\Labyrinth_MainMenu.h">
      <Filter>Файлы заголовков\Labyrinth</Filter>
    </ClInclude>
    <ClInclude Include="Labyrinth\Labyrinth_Timer.h">
      <Filter>Файлы заголовков\Labyrinth</Filter>
    </ClInclude>
    <ClInclude Include="Labyrinth\Labyrinth_VisibleGameObject.h">
      <Filter>Файлы заголовков\Labyrinth</Filter>
    </ClInclude>
    <ClInclude Include="mainWindow.h">
      <Filter>Файлы заголовков</Filter>
    </ClInclude>
    <ClInclude Include="Cliker.h">
      <Filter>Файлы заголовков</Filter>
    </ClInclude>
    <ClInclude Include="body_tracker.h">
      <Filter>Файлы заголовков</Filter>
    </ClInclude>
    <ClInclude Include="Smash_It\testConfig.h">
      <Filter>Файлы заголовков\Smash_It</Filter>
    </ClInclude>
    <ClInclude Include="Labyrinth\Labyrinth_config.h">
      <Filter>Файлы заголовков\Labyrinth</Filter>
    </ClInclude>
    <ClInclude Include="aerohockey\config\Aerohockey_config.hpp">
      <Filter>Файлы заголовков\Aerohockey\config</Filter>
    </ClInclude>
    <ClInclude Include="aerohockey\objects\Aerohockey_board.hpp">
      <Filter>Файлы заголовков\Aerohockey\objects</Filter>
    </ClInclude>
    <ClInclude Include="aerohockey\objects\Aerohockey_paddle.hpp">
      <Filter>Файлы заголовков\Aerohockey\objects</Filter>
    </ClInclude>
    <ClInclude Include="aerohockey\objects\Aerohockey_player.hpp">
      <Filter>Файлы заголовков\Aerohockey\objects</Filter>
    </ClInclude>
    <ClInclude Include="aerohockey\objects\Aerohockey_puck.hpp">
      <Filter>Файлы заголовков\Aerohockey\objects</Filter>
    </ClInclude>
    <ClInclude Include="aerohockey\objects\Aerohockey_ready_button.hpp">
      <Filter>Файлы заголовков\Aerohockey\objects</Filter>
    </ClInclude>
    <ClInclude Include="aerohockey\objects\Aerohockey_world.hpp">
      <Filter>Файлы заголовков\Aerohockey\objects</Filter>
    </ClInclude>
    <ClInclude Include="aerohockey\states\Aerohockey_manager.hpp">
      <Filter>Файлы заголовков\Aerohockey\states</Filter>
    </ClInclude>
    <ClInclude Include="aerohockey\states\Aerohockey_state.hpp">
      <Filter>Файлы заголовков\Aerohockey\states</Filter>
    </ClInclude>
    <ClInclude Include="aerohockey\Aerohockey_starter.h">
      <Filter>Файлы заголовков\Aerohockey</Filter>
    </ClInclude>
    <ClInclude Include="territory\config\Territory_config.hpp">
      <Filter>Файлы заголовков\Territory\config</Filter>
    </ClInclude>
    <ClInclude Include="territory\objects\Territory_board.hpp">
      <Filter>Файлы заголовков\Territory\objects</Filter>
    </ClInclude>
    <ClInclude Include="territory\objects\Territory_map.hpp">
      <Filter>Файлы заголовков\Territory\objects</Filter>
    </ClInclude>
    <ClInclude Include="territory\objects\Territory_paddle.hpp">
      <Filter>Файлы заголовков\Territory\objects</Filter>
    </ClInclude>
    <ClInclude Include="territory\objects\Territory_player.hpp">
      <Filter>Файлы заголовков\Territory\objects</Filter>
    </ClInclude>
    <ClInclude Include="territory\objects\Territory_ready_button.hpp">
      <Filter>Файлы заголовков\Territory\objects</Filter>
    </ClInclude>
    <ClInclude Include="territory\objects\Territory_world.hpp">
      <Filter>Файлы заголовков\Territory\objects</Filter>
    </ClInclude>
    <ClInclude Include="territory\states\Territory_manager.hpp">
      <Filter>Файлы заголовков\Territory\states</Filter>
    </ClInclude>
    <ClInclude Include="territory\states\Territory_state.hpp">
      <Filter>Файлы заголовков\Territory\states</Filter>
    </ClInclude>
    <ClInclude Include="territory\Territory_starter.h">
      <Filter>Файлы заголовков\Territory</Filter>
    </ClInclude>
    <ClInclude Include="util.hpp">
      <Filter>Файлы заголовков</Filter>
    </ClInclude>
  </ItemGroup>
</Project>